
Microsoft Visual Studio Solution File, Format Version 12.00
# Visual Studio 15
VisualStudioVersion = 15.0.27428.2037
MinimumVisualStudioVersion = 10.0.40219.1
Project("{FAE04EC0-301F-11D3-BF4B-00C04F79EFBC}") = "GeniusTetris", "GeniusTetris.csproj", "{37A35FB3-63EB-4E22-81DD-16458F4CCD7A}"
EndProject
Project("{FAE04EC0-301F-11D3-BF4B-00C04F79EFBC}") = "GeniusTetris.Core", "GeniusTetris.Core\GeniusTetris.Core.csproj", "{AE613139-D082-4AC1-89E8-2B56B710D762}"
EndProject
Project("{FAE04EC0-301F-11D3-BF4B-00C04F79EFBC}") = "GeniusTetris.Multiplayer", "GeniusTetris.Multiplayer\GeniusTetris.Multiplayer.csproj", "{F910FCE2-0FF5-4843-9788-9D1164C1B303}"
EndProject
Project("{FAE04EC0-301F-11D3-BF4B-00C04F79EFBC}") = "GeniusTetris.Multiplayer.SignalR", "GeniusTetris.Multiplayer.SignalR\GeniusTetris.Multiplayer.SignalR.csproj", "{E7F420BC-725E-444B-B0C8-0CBC379F830C}"
EndProject
Project("{2150E333-8FDC-42A3-9474-1A3956D46DE8}") = "Installer", "Installer", "{FCA76239-A965-44F5-9B3A-107A190AF59D}"
EndProject
Project("{2150E333-8FDC-42A3-9474-1A3956D46DE8}") = "ServerSide", "ServerSide", "{C0AD9B11-92C2-4F17-836A-350543FC5FE7}"
EndProject
Project("{FAE04EC0-301F-11D3-BF4B-00C04F79EFBC}") = "GeniusTetris.Server.SignalR", "GeniusTetris.Server.SignalR\GeniusTetris.Server.SignalR.csproj", "{FE592175-9139-4DCF-BE5E-34624BF0266F}"
EndProject
Project("{2150E333-8FDC-42A3-9474-1A3956D46DE8}") = "Solution Items", "Solution Items", "{8CA34642-A358-406D-8583-1D6B7893F2BA}"
	ProjectSection(SolutionItems) = preProject
		.gitignore = .gitignore
	EndProjectSection
EndProject
Global
	GlobalSection(SolutionConfigurationPlatforms) = preSolution
		Debug|Any CPU = Debug|Any CPU
		Release|Any CPU = Release|Any CPU
	EndGlobalSection
	GlobalSection(ProjectConfigurationPlatforms) = postSolution
		{37A35FB3-63EB-4E22-81DD-16458F4CCD7A}.Debug|Any CPU.ActiveCfg = Debug|Any CPU
		{37A35FB3-63EB-4E22-81DD-16458F4CCD7A}.Debug|Any CPU.Build.0 = Debug|Any CPU
		{37A35FB3-63EB-4E22-81DD-16458F4CCD7A}.Release|Any CPU.ActiveCfg = Release|Any CPU
		{37A35FB3-63EB-4E22-81DD-16458F4CCD7A}.Release|Any CPU.Build.0 = Release|Any CPU
		{AE613139-D082-4AC1-89E8-2B56B710D762}.Debug|Any CPU.ActiveCfg = Debug|Any CPU
		{AE613139-D082-4AC1-89E8-2B56B710D762}.Debug|Any CPU.Build.0 = Debug|Any CPU
		{AE613139-D082-4AC1-89E8-2B56B710D762}.Release|Any CPU.ActiveCfg = Release|Any CPU
		{AE613139-D082-4AC1-89E8-2B56B710D762}.Release|Any CPU.Build.0 = Release|Any CPU
		{F910FCE2-0FF5-4843-9788-9D1164C1B303}.Debug|Any CPU.ActiveCfg = Debug|Any CPU
		{F910FCE2-0FF5-4843-9788-9D1164C1B303}.Debug|Any CPU.Build.0 = Debug|Any CPU
		{F910FCE2-0FF5-4843-9788-9D1164C1B303}.Release|Any CPU.ActiveCfg = Release|Any CPU
		{F910FCE2-0FF5-4843-9788-9D1164C1B303}.Release|Any CPU.Build.0 = Release|Any CPU
		{E7F420BC-725E-444B-B0C8-0CBC379F830C}.Debug|Any CPU.ActiveCfg = Debug|Any CPU
		{E7F420BC-725E-444B-B0C8-0CBC379F830C}.Debug|Any CPU.Build.0 = Debug|Any CPU
		{E7F420BC-725E-444B-B0C8-0CBC379F830C}.Release|Any CPU.ActiveCfg = Release|Any CPU
		{E7F420BC-725E-444B-B0C8-0CBC379F830C}.Release|Any CPU.Build.0 = Release|Any CPU
		{FE592175-9139-4DCF-BE5E-34624BF0266F}.Debug|Any CPU.ActiveCfg = Debug|Any CPU
		{FE592175-9139-4DCF-BE5E-34624BF0266F}.Debug|Any CPU.Build.0 = Debug|Any CPU
		{FE592175-9139-4DCF-BE5E-34624BF0266F}.Release|Any CPU.ActiveCfg = Release|Any CPU
		{FE592175-9139-4DCF-BE5E-34624BF0266F}.Release|Any CPU.Build.0 = Release|Any CPU
	EndGlobalSection
	GlobalSection(SolutionProperties) = preSolution
		HideSolutionNode = FALSE
	EndGlobalSection
	GlobalSection(NestedProjects) = preSolution
		{FE592175-9139-4DCF-BE5E-34624BF0266F} = {C0AD9B11-92C2-4F17-836A-350543FC5FE7}
	EndGlobalSection
	GlobalSection(ExtensibilityGlobals) = postSolution
		SolutionGuid = {4655AA97-66D6-42C8-98DC-0BDBA6A99C3A}
	EndGlobalSection
EndGlobal
